
Microsoft Visual Studio Solution File, Format Version 12.00
# Visual Studio Version 16
VisualStudioVersion = 16.0.29613.14
MinimumVisualStudioVersion = 10.0.40219.1
Project("{FAE04EC0-301F-11D3-BF4B-00C04F79EFBC}") = "Biblioteca", "Biblioteca\Biblioteca.csproj", "{BEF0A1F8-6B36-47B3-82BC-AC5596795677}"
EndProject
Global
	GlobalSection(SolutionConfigurationPlatforms) = preSolution
		Debug|Any CPU = Debug|Any CPU
		Release|Any CPU = Release|Any CPU
	EndGlobalSection
	GlobalSection(ProjectConfigurationPlatforms) = postSolution
		{BEF0A1F8-6B36-47B3-82BC-AC5596795677}.Debug|Any CPU.ActiveCfg = Debug|Any CPU
		{BEF0A1F8-6B36-47B3-82BC-AC5596795677}.Debug|Any CPU.Build.0 = Debug|Any CPU
		{BEF0A1F8-6B36-47B3-82BC-AC5596795677}.Release|Any CPU.ActiveCfg = Release|Any CPU
		{BEF0A1F8-6B36-47B3-82BC-AC5596795677}.Release|Any CPU.Build.0 = Release|Any CPU
	EndGlobalSection
	GlobalSection(SolutionProperties) = preSolution
		HideSolutionNode = FALSE
	EndGlobalSection
	GlobalSection(ExtensibilityGlobals) = postSolution
		SolutionGuid = {EBE821A3-887A-4F9D-9693-637AF0440888}
	EndGlobalSection
EndGlobal
