
Microsoft Visual Studio Solution File, Format Version 12.00
# Visual Studio 15
VisualStudioVersion = 15.0.27130.2027
MinimumVisualStudioVersion = 10.0.40219.1
Project("{9A19103F-16F7-4668-BE54-9A1E7A4F7556}") = "Biblioteca", "Biblioteca\Biblioteca.csproj", "{BEF0A1F8-6B36-47B3-82BC-AC5596795677}"
EndProject
Project("{FAE04EC0-301F-11D3-BF4B-00C04F79EFBC}") = "LigaNos.Forms", "MenuPrincipal\LigaNos.Forms.csproj", "{545E6616-FEAC-4E15-98DD-1BE2AE627435}"
EndProject
Global
	GlobalSection(SolutionConfigurationPlatforms) = preSolution
		Debug|Any CPU = Debug|Any CPU
		Release|Any CPU = Release|Any CPU
	EndGlobalSection
	GlobalSection(ProjectConfigurationPlatforms) = postSolution
		{BEF0A1F8-6B36-47B3-82BC-AC5596795677}.Debug|Any CPU.ActiveCfg = Debug|Any CPU
		{BEF0A1F8-6B36-47B3-82BC-AC5596795677}.Debug|Any CPU.Build.0 = Debug|Any CPU
		{BEF0A1F8-6B36-47B3-82BC-AC5596795677}.Release|Any CPU.ActiveCfg = Release|Any CPU
		{BEF0A1F8-6B36-47B3-82BC-AC5596795677}.Release|Any CPU.Build.0 = Release|Any CPU
		{545E6616-FEAC-4E15-98DD-1BE2AE627435}.Debug|Any CPU.ActiveCfg = Debug|Any CPU
		{545E6616-FEAC-4E15-98DD-1BE2AE627435}.Debug|Any CPU.Build.0 = Debug|Any CPU
		{545E6616-FEAC-4E15-98DD-1BE2AE627435}.Release|Any CPU.ActiveCfg = Release|Any CPU
		{545E6616-FEAC-4E15-98DD-1BE2AE627435}.Release|Any CPU.Build.0 = Release|Any CPU
	EndGlobalSection
	GlobalSection(SolutionProperties) = preSolution
		HideSolutionNode = FALSE
	EndGlobalSection
	GlobalSection(ExtensibilityGlobals) = postSolution
		SolutionGuid = {EBE821A3-887A-4F9D-9693-637AF0440888}
	EndGlobalSection
EndGlobal
